PODS:
  - ReactiveObjC (3.1.1)

DEPENDENCIES:
  - ReactiveObjC (~> 3.1.1)

SPEC REPOS:
  https://github.com/CocoaPods/Specs.git:
    - ReactiveObjC

SPEC CHECKSUMS:
  ReactiveObjC: 011caa393aa0383245f2dcf9bf02e86b80b36040

PODFILE CHECKSUM: f189125f95c547dcc509719c39c45c8b1f1d49ca

COCOAPODS: 1.10.0
